version = 1
revision = 3
requires-python = ">=3.14"

[[package]]
name = "colorama"
version = "0.4.6"
source = { registry = "https://pypi.org/simple" }
sdist = { url = "https://files.pythonhosted.org/packages/d8/53/6f443c9a4a8358a93a6792e2acffb9d9d5cb0a5cfd8802644b7b1c9a02e4/colorama-0.4.6.tar.gz", hash = "sha256:08695f5cb7ed6e0531a20572697297273c47b8cae5a63ffc6d6ed5c201be6e44", size = 27697, upload-time = "2022-10-25T02:36:22.414Z" }
wheels = [
    { url = "https://files.pythonhosted.org/packages/d1/d6/3965ed04c63042e047cb6a3e6ed1a63a35087b6a609aa3a15ed8ac56c221/colorama-0.4.6-py2.py3-none-any.whl", hash = "sha256:4f1d9991f5acc0ca119f9d443620b77f9d6b33703e51011c16baf57afb285fc6", size = 25335, upload-time = "2022-10-25T02:36:20.889Z" },
]

[[package]]
name = "edtf"
version = "5.0.1"
source = { registry = "https://pypi.org/simple" }
dependencies = [
    { name = "pyparsing" },
    { name = "python-dateutil" },
]
wheels = [
    { url = "https://files.pythonhosted.org/packages/76/23/e9f69255f67f55b03e2705bfd7a579a01c26146b9ea98f9cdb07d8156b4d/edtf-5.0.1-py3-none-any.whl", hash = "sha256:d3ed8c1307330d7563ae9efc4193988acddeb60dcfb740d4fe0abe739ef0944a", size = 36776, upload-time = "2026-03-15T03:22:56.53Z" },
]

[[package]]
name = "iniconfig"
version = "2.3.0"
source = { registry = "https://pypi.org/simple" }
sdist = { url = "https://files.pythonhosted.org/packages/72/34/14ca021ce8e5dfedc35312d08ba8bf51fdd999c576889fc2c24cb97f4f10/iniconfig-2.3.0.tar.gz", hash = "sha256:c76315c77db068650d49c5b56314774a7804df16fee4402c1f19d6d15d8c4730", size = 20503, upload-time = "2025-10-18T21:55:43.219Z" }
wheels = [
    { url = "https://files.pythonhosted.org/packages/cb/b1/3846dd7f199d53cb17f49cba7e651e9ce294d8497c8c150530ed11865bb8/iniconfig-2.3.0-py3-none-any.whl", hash = "sha256:f631c04d2c48c52b84d0d0549c99ff3859c98df65b3101406327ecc7d53fbf12", size = 7484, upload-time = "2025-10-18T21:55:41.639Z" },
]

[[package]]
name = "langcodes"
version = "3.5.1"
source = { registry = "https://pypi.org/simple" }
sdist = { url = "https://files.pythonhosted.org/packages/a9/75/f9edc5d72945019312f359e69ded9f82392a81d49c5051ed3209b100c0d2/langcodes-3.5.1.tar.gz", hash = "sha256:40bff315e01b01d11c2ae3928dd4f5cbd74dd38f9bd912c12b9a3606c143f731", size = 191084, upload-time = "2025-12-02T16:22:01.627Z" }
wheels = [
    { url = "https://files.pythonhosted.org/packages/dd/c1/d10b371bcba7abce05e2b33910e39c33cfa496a53f13640b7b8e10bb4d2b/langcodes-3.5.1-py3-none-any.whl", hash = "sha256:b6a9c25c603804e2d169165091d0cdb23934610524a21d226e4f463e8e958a72", size = 183050, upload-time = "2025-12-02T16:21:59.954Z" },
]

[[package]]
name = "language-data"
version = "1.4.0"
source = { registry = "https://pypi.org/simple" }
dependencies = [
    { name = "marisa-trie" },
]
sdist = { url = "https://files.pythonhosted.org/packages/61/50/2518b4d0805f4d1f10166837829ad0bd71dcee3ec33fa84aa8c0db23c13c/language_data-1.4.0.tar.gz", hash = "sha256:800e6457e7beda781c156e02d7707e38db2ded026472e07e2c055dc8446ee574", size = 5309660, upload-time = "2025-11-28T13:45:25.217Z" }
wheels = [
    { url = "https://files.pythonhosted.org/packages/ad/d1/68e2bcca94c9bbdc122a71e504e0b6a6c3e31541b1bad33fee0205996006/language_data-1.4.0-py3-none-any.whl", hash = "sha256:f741927c24ab14cbed2a57bc2bfe82b00cff266c427179597e8b14123364f084", size = 5572678, upload-time = "2025-11-28T13:45:23.381Z" },
]

[[package]]
name = "lxml"
version = "6.1.0"
source = { registry = "https://pypi.org/simple" }
sdist = { url = "https://files.pythonhosted.org/packages/28/30/9abc9e34c657c33834eaf6cd02124c61bdf5944d802aa48e69be8da3585d/lxml-6.1.0.tar.gz", hash = "sha256:bfd57d8008c4965709a919c3e9a98f76c2c7cb319086b3d26858250620023b13", size = 4197006, upload-time = "2026-04-18T04:32:51.613Z" }
wheels = [
    { url = "https://files.pythonhosted.org/packages/eb/45/cee4cf203ef0bab5c52afc118da61d6b460c928f2893d40023cfa27e0b80/lxml-6.1.0-cp314-cp314-macosx_10_15_universal2.whl", hash = "sha256:ab863fd37458fed6456525f297d21239d987800c46e67da5ef04fc6b3dd93ac8", size = 8576713, upload-time = "2026-04-18T04:32:06.831Z" },
    { url = "https://files.pythonhosted.org/packages/8a/a7/eda05babeb7e046839204eaf254cd4d7c9130ce2bbf0d9e90ea41af5654d/lxml-6.1.0-cp314-cp314-macosx_10_15_x86_64.whl", hash = "sha256:6fd8b1df8254ff4fd93fd31da1fc15770bde23ac045be9bb1f87425702f61cc9", size = 4623874, upload-time = "2026-04-18T04:32:10.755Z" },
    { url = "https://files.pythonhosted.org/packages/e7/e9/db5846de9b436b91890a62f29d80cd849ea17948a49bf532d5278ee69a9e/lxml-6.1.0-cp314-cp314-manylinux2014_aarch64.manylinux_2_17_aarch64.whl", hash = "sha256:47024feaae386a92a146af0d2aeed65229bf6fff738e6a11dda6b0015fb8fd03", size = 4949535, upload-time = "2026-04-18T04:34:06.657Z" },
    { url = "https://files.pythonhosted.org/packages/5a/ba/0d3593373dcae1d68f40dc3c41a5a92f2544e68115eb2f62319a4c2a6500/lxml-6.1.0-cp314-cp314-manylinux2014_x86_64.manylinux_2_17_x86_64.whl", hash = "sha256:3f00972f84450204cd5d93a5395965e348956aaceaadec693a22ec743f8ae3eb", size = 5086881, upload-time = "2026-04-18T04:34:09.556Z" },
    { url = "https://files.pythonhosted.org/packages/43/76/759a7484539ad1af0d125a9afe9c3fb5f82a8779fd1f5f56319d9e4ea2fd/lxml-6.1.0-cp314-cp314-manylinux_2_26_aarch64.manylinux_2_28_aarch64.whl", hash = "sha256:97faa0860e13b05b15a51fb4986421ef7a30f0b3334061c416e0981e9450ca4c", size = 5031305, upload-time = "2026-04-18T04:34:12.336Z" },
    { url = "https://files.pythonhosted.org/packages/dc/b9/c1f0daf981a11e47636126901fd4ab82429e18c57aeb0fc3ad2940b42d8b/lxml-6.1.0-cp314-cp314-manylinux_2_26_ppc64le.manylinux_2_28_ppc64le.whl", hash = "sha256:972a6451204798675407beaad97b868d0c733d9a74dafefc63120b81b8c2de28", size = 5647522, upload-time = "2026-04-18T04:34:14.89Z" },
    { url = "https://files.pythonhosted.org/packages/31/e6/1f533dcd205275363d9ba3511bcec52fa2df86abf8abe6a5f2c599f0dc31/lxml-6.1.0-cp314-cp314-manylinux_2_26_x86_64.manylinux_2_28_x86_64.whl", hash = "sha256:fe022f20bc4569ec66b63b3fb275a3d628d9d32da6326b2982584104db6d3086", size = 5239310, upload-time = "2026-04-18T04:34:17.652Z" },
    { url = "https://files.pythonhosted.org/packages/c3/8c/4175fb709c78a6e315ed814ed33be3defd8b8721067e70419a6cf6f971da/lxml-6.1.0-cp314-cp314-manylinux_2_28_i686.whl", hash = "sha256:75c4c7c619a744f972f4451bf5adf6d0fb00992a1ffc9fd78e13b0bc817cc99f", size = 5350799, upload-time = "2026-04-18T04:34:20.529Z" },
    { url = "https://files.pythonhosted.org/packages/fd/77/6ffdebc5994975f0dde4acb59761902bd9d9bb84422b9a0bd239a7da9ca8/lxml-6.1.0-cp314-cp314-manylinux_2_31_armv7l.whl", hash = "sha256:3648f20d25102a22b6061c688beb3a805099ea4beb0a01ce62975d926944d292", size = 4697693, upload-time = "2026-04-18T04:34:23.541Z" },
    { url = "https://files.pythonhosted.org/packages/f8/f1/565f36bd5c73294602d48e04d23f81ff4c8736be6ba5e1d1ec670ac9be80/lxml-6.1.0-cp314-cp314-manylinux_2_38_riscv64.manylinux_2_39_riscv64.whl", hash = "sha256:77b9f99b17cbf14026d1e618035077060fc7195dd940d025149f3e2e830fbfcb", size = 5250708, upload-time = "2026-04-18T04:34:26.001Z" },
    { url = "https://files.pythonhosted.org/packages/5a/11/a68ab9dd18c5c499404deb4005f4bc4e0e88e5b72cd755ad96efec81d18d/lxml-6.1.0-cp314-cp314-musllinux_1_2_aarch64.whl", hash = "sha256:32662519149fd7a9db354175aa5e417d83485a8039b8aaa62f873ceee7ea4cad", size = 5084737, upload-time = "2026-04-18T04:34:28.32Z" },
    { url = "https://files.pythonhosted.org/packages/ab/78/e8f41e2c74f4af564e6a0348aea69fb6daaefa64bc071ef469823d22cc18/lxml-6.1.0-cp314-cp314-musllinux_1_2_armv7l.whl", hash = "sha256:73d658216fc173cf2c939e90e07b941c5e12736b0bf6a99e7af95459cfe8eabb", size = 4737817, upload-time = "2026-04-18T04:34:30.784Z" },
    { url = "https://files.pythonhosted.org/packages/06/2d/aa4e117aa2ce2f3b35d9ff246be74a2f8e853baba5d2a92c64744474603a/lxml-6.1.0-cp314-cp314-musllinux_1_2_ppc64le.whl", hash = "sha256:ac4db068889f8772a4a698c5980ec302771bb545e10c4b095d4c8be26749616f", size = 5670753, upload-time = "2026-04-18T04:34:33.675Z" },
    { url = "https://files.pythonhosted.org/packages/08/f5/dd745d50c0409031dbfcc4881740542a01e54d6f0110bd420fa7782110b8/lxml-6.1.0-cp314-cp314-musllinux_1_2_riscv64.whl", hash = "sha256:45e9dfbd1b661eb64ba0d4dbe762bd210c42d86dd1e5bd2bdf89d634231beb43", size = 5238071, upload-time = "2026-04-18T04:34:36.12Z" },
    { url = "https://files.pythonhosted.org/packages/3e/74/ad424f36d0340a904665867dab310a3f1f4c96ff4039698de83b77f44c1f/lxml-6.1.0-cp314-cp314-musllinux_1_2_x86_64.whl", hash = "sha256:89e8d73d09ac696a5ba42ec69787913d53284f12092f651506779314f10ba585", size = 5264319, upload-time = "2026-04-18T04:34:39.035Z" },
    { url = "https://files.pythonhosted.org/packages/53/36/a15d8b3514ec889bfd6aa3609107fcb6c9189f8dc347f1c0b81eded8d87c/lxml-6.1.0-cp314-cp314-win32.whl", hash = "sha256:ebe33f4ec1b2de38ceb225a1749a2965855bffeef435ba93cd2d5d540783bf2f", size = 3657139, upload-time = "2026-04-18T04:32:20.006Z" },
    { url = "https://files.pythonhosted.org/packages/1a/a4/263ebb0710851a3c6c937180a9a86df1206fdfe53cc43005aa2237fd7736/lxml-6.1.0-cp314-cp314-win_amd64.whl", hash = "sha256:398443df51c538bd578529aa7e5f7afc6c292644174b47961f3bf87fe5741120", size = 4064195, upload-time = "2026-04-18T04:32:23.876Z" },
    { url = "https://files.pythonhosted.org/packages/80/68/2000f29d323b6c286de077ad20b429fc52272e44eae6d295467043e56012/lxml-6.1.0-cp314-cp314-win_arm64.whl", hash = "sha256:8c8984e1d8c4b3949e419158fda14d921ff703a9ed8a47236c6eb7a2b6cb4946", size = 3741870, upload-time = "2026-04-18T04:32:27.922Z" },
    { url = "https://files.pythonhosted.org/packages/30/e9/21383c7c8d43799f0da90224c0d7c921870d476ec9b3e01e1b2c0b8237c5/lxml-6.1.0-cp314-cp314t-macosx_10_15_universal2.whl", hash = "sha256:1081dd10bc6fa437db2500e13993abf7cc30716d0a2f40e65abb935f02ec559c", size = 8827548, upload-time = "2026-04-18T04:32:15.094Z" },
    { url = "https://files.pythonhosted.org/packages/a5/01/c6bc11cd587030dd4f719f65c5657960649fe3e19196c844c75bf32cd0d6/lxml-6.1.0-cp314-cp314t-macosx_10_15_x86_64.whl", hash = "sha256:dabecc48db5f42ba348d1f5d5afdc54c6c4cc758e676926c7cd327045749517d", size = 4735866, upload-time = "2026-04-18T04:32:18.924Z" },
    { url = "https://files.pythonhosted.org/packages/f3/01/757132fff5f4acf25463b5298f1a46099f3a94480b806547b29ce5e385de/lxml-6.1.0-cp314-cp314t-manylinux2014_aarch64.manylinux_2_17_aarch64.whl", hash = "sha256:e3dd5fe19c9e0ac818a9c7f132a5e43c1339ec1cbbfecb1a938bd3a47875b7c9", size = 4969476, upload-time = "2026-04-18T04:34:41.889Z" },
    { url = "https://files.pythonhosted.org/packages/fd/fb/1bc8b9d27ed64be7c8903db6c89e74dc8c2cd9ec630a7462e4654316dc5b/lxml-6.1.0-cp314-cp314t-manylinux2014_x86_64.manylinux_2_17_x86_64.whl", hash = "sha256:9e7b0a4ca6dcc007a4cef00a761bba2dea959de4bd2df98f926b33c92ca5dfb9", size = 5103719, upload-time = "2026-04-18T04:34:44.797Z" },
    { url = "https://files.pythonhosted.org/packages/d5/e7/5bf82fa28133536a54601aae633b14988e89ed61d4c1eb6b899b023233aa/lxml-6.1.0-cp314-cp314t-manylinux_2_26_aarch64.manylinux_2_28_aarch64.whl", hash = "sha256:5d27bbe326c6b539c64b42638b18bc6003a8d88f76213a97ac9ed4f885efeab7", size = 5027890, upload-time = "2026-04-18T04:34:47.634Z" },
    { url = "https://files.pythonhosted.org/packages/2d/20/e048db5d4b4ea0366648aa595f26bb764b2670903fc585b87436d0a5032c/lxml-6.1.0-cp314-cp314t-manylinux_2_26_ppc64le.manylinux_2_28_ppc64le.whl", hash = "sha256:c4e425db0c5445ef0ad56b0eec54f89b88b2d884656e536a90b2f52aecb4ca86", size = 5596008, upload-time = "2026-04-18T04:34:51.503Z" },
    { url = "https://files.pythonhosted.org/packages/9a/c2/d10807bc8da4824b39e5bd01b5d05c077b6fd01bd91584167edf6b269d22/lxml-6.1.0-cp314-cp314t-manylinux_2_26_x86_64.manylinux_2_28_x86_64.whl", hash = "sha256:4b89b098105b8599dc57adac95d1813409ac476d3c948a498775d3d0c6124bfb", size = 5224451, upload-time = "2026-04-18T04:34:54.263Z" },
    { url = "https://files.pythonhosted.org/packages/3c/15/2ebea45bea427e7f0057e9ce7b2d62c5aba20c6b001cca89ed0aadb3ad41/lxml-6.1.0-cp314-cp314t-manylinux_2_28_i686.whl", hash = "sha256:c4a699432846df86cc3de502ee85f445ebad748a1c6021d445f3e514d2cd4b1c", size = 5312135, upload-time = "2026-04-18T04:34:56.818Z" },
    { url = "https://files.pythonhosted.org/packages/31/e2/87eeae151b0be2a308d49a7ec444ff3eb192b14251e62addb29d0bf3778f/lxml-6.1.0-cp314-cp314t-manylinux_2_31_armv7l.whl", hash = "sha256:30e7b2ed63b6c8e97cca8af048589a788ab5c9c905f36d9cf1c2bb549f450d2f", size = 4639126, upload-time = "2026-04-18T04:34:59.704Z" },
    { url = "https://files.pythonhosted.org/packages/a3/51/8a3f6a20902ad604dd746ec7b4000311b240d389dac5e9d95adefd349e0c/lxml-6.1.0-cp314-cp314t-manylinux_2_38_riscv64.manylinux_2_39_riscv64.whl", hash = "sha256:022981127642fe19866d2907d76241bb07ed21749601f727d5d5dd1ce5d1b773", size = 5232579, upload-time = "2026-04-18T04:35:02.658Z" },
    { url = "https://files.pythonhosted.org/packages/6d/d2/650d619bdbe048d2c3f2c31edb00e35670a5e2d65b4fe3b61bce37b19121/lxml-6.1.0-cp314-cp314t-musllinux_1_2_aarch64.whl", hash = "sha256:23cad0cc86046d4222f7f418910e46b89971c5a45d3c8abfad0f64b7b05e4a9b", size = 5084206, upload-time = "2026-04-18T04:35:05.175Z" },
    { url = "https://files.pythonhosted.org/packages/dd/8a/672ca1a3cbeabd1f511ca275a916c0514b747f4b85bdaae103b8fa92f307/lxml-6.1.0-cp314-cp314t-musllinux_1_2_armv7l.whl", hash = "sha256:21c3302068f50d1e8728c67c87ba92aa87043abee517aa2576cca1855326b405", size = 4758906, upload-time = "2026-04-18T04:35:08.098Z" },
    { url = "https://files.pythonhosted.org/packages/be/f1/ef4b691da85c916cb2feb1eec7414f678162798ac85e042fa164419ac05c/lxml-6.1.0-cp314-cp314t-musllinux_1_2_ppc64le.whl", hash = "sha256:be10838781cb3be19251e276910cd508fe127e27c3242e50521521a0f3781690", size = 5620553, upload-time = "2026-04-18T04:35:11.23Z" },
    { url = "https://files.pythonhosted.org/packages/59/17/94e81def74107809755ac2782fdad4404420f1c92ca83433d117a6d5acf0/lxml-6.1.0-cp314-cp314t-musllinux_1_2_riscv64.whl", hash = "sha256:2173a7bffe97667bbf0767f8a99e587740a8c56fdf3befac4b09cb29a80276fd", size = 5229458, upload-time = "2026-04-18T04:35:14.254Z" },
    { url = "https://files.pythonhosted.org/packages/21/55/c4be91b0f830a871fc1b0d730943d56013b683d4671d5198260e2eae722b/lxml-6.1.0-cp314-cp314t-musllinux_1_2_x86_64.whl", hash = "sha256:c6854e9cf99c84beb004eecd7d3a3868ef1109bf2b1df92d7bc11e96a36c2180", size = 5247861, upload-time = "2026-04-18T04:35:17.006Z" },
    { url = "https://files.pythonhosted.org/packages/c2/ca/77123e4d77df3cb1e968ade7b1f808f5d3a5c1c96b18a33895397de292c1/lxml-6.1.0-cp314-cp314t-win32.whl", hash = "sha256:00750d63ef0031a05331b9223463b1c7c02b9004cef2346a5b2877f0f9494dd2", size = 3897377, upload-time = "2026-04-18T04:32:07.656Z" },
    { url = "https://files.pythonhosted.org/packages/64/ce/3554833989d074267c063209bae8b09815e5656456a2d332b947806b05ff/lxml-6.1.0-cp314-cp314t-win_amd64.whl", hash = "sha256:80410c3a7e3c617af04de17caa9f9f20adaa817093293d69eae7d7d0522836f5", size = 4392701, upload-time = "2026-04-18T04:32:12.113Z" },
    { url = "https://files.pythonhosted.org/packages/2b/a0/9b916c68c0e57752c07f8f64b30138d9d4059dbeb27b90274dedbea128ff/lxml-6.1.0-cp314-cp314t-win_arm64.whl", hash = "sha256:26dd9f57ee3bd41e7d35b4c98a2ffd89ed11591649f421f0ec19f67d50ec67ac", size = 3817120, upload-time = "2026-04-18T04:32:15.803Z" },
]

[[package]]
name = "marisa-trie"
version = "1.4.0"
source = { registry = "https://pypi.org/simple" }
sdist = { url = "https://files.pythonhosted.org/packages/d0/d0/048804753e2e5f12dd426e8badaa4a938a085cf00316df092b619863bef0/marisa_trie-1.4.0.tar.gz", hash = "sha256:20dd1a9035c5cb225c6eeb8e516ebced9497bf0b48d60e9b556f38d8cdf76df8", size = 261541, upload-time = "2026-03-10T15:27:43.327Z" }
wheels = [
    { url = "https://files.pythonhosted.org/packages/7e/3d/90d01d17d6dd65057197944625eb15f7d4d841d0eb33919df847ee05aba9/marisa_trie-1.4.0-cp314-cp314-macosx_10_15_x86_64.whl", hash = "sha256:36e3bf3b68862d2a229c0a5efc5b7879924cdb42e035d1aa4bcc9b96ce129e38", size = 207575, upload-time = "2026-03-10T15:27:05.199Z" },
    { url = "https://files.pythonhosted.org/packages/b2/d2/938449db4b83c93303d3f83b267b35186c532f1d75bfb22dad7c7c28523d/marisa_trie-1.4.0-cp314-cp314-macosx_11_0_arm64.whl", hash = "sha256:095d49ff69b139bdd24f45d437c28545df2764d29d2d921fae55a2a224272dd0", size = 192326, upload-time = "2026-03-10T15:27:06.533Z" },
    { url = "https://files.pythonhosted.org/packages/fe/40/75cf61b11b30905ea829756305374edeb482432ca77532fa07f4be53f31c/marisa_trie-1.4.0-cp314-cp314-manylinux_2_24_aarch64.manylinux_2_28_aarch64.whl", hash = "sha256:d2bfb1af5af7834d89232628434e0510687e8e34ef0f0e0843999e5f23ee83bc", size = 1474294, upload-time = "2026-03-10T15:27:07.676Z" },
    { url = "https://files.pythonhosted.org/packages/6d/32/231f92dff5baf85761e97389b5df082a317638446376a989dc5e96a911f7/marisa_trie-1.4.0-cp314-cp314-manylinux_2_24_x86_64.manylinux_2_28_x86_64.whl", hash = "sha256:c1bf64c51302f473d7e252f47434c221acd2a0c78dd7d71a62e11d4442f785ca", size = 1491185, upload-time = "2026-03-10T15:27:10.201Z" },
    { url = "https://files.pythonhosted.org/packages/86/11/cd917056269dfe68c9b88ff502257974e6fc33f39018d15b8adc40fd8c12/marisa_trie-1.4.0-cp314-cp314-musllinux_1_2_aarch64.whl", hash = "sha256:4e637b999fb0681e8eb5d031297e38c265d2a93a556d20c9e2b885d8730e3baf", size = 2401490, upload-time = "2026-03-10T15:27:11.822Z" },
    { url = "https://files.pythonhosted.org/packages/55/2f/715f96fa1eeadc48ae372a8e2e590509b9ec5fc8adb79c8369f450d52822/marisa_trie-1.4.0-cp314-cp314-musllinux_1_2_x86_64.whl", hash = "sha256:1b570d01a5520d15224fa83651b9b9d200981c40c1114e815fb3452d9e2562cd", size = 2489772, upload-time = "2026-03-10T15:27:13.74Z" },
    { url = "https://files.pythonhosted.org/packages/6f/8b/2c633370272dc15f2b2094cf14ecf2a47870a711bd0117ba506941ea8d91/marisa_trie-1.4.0-cp314-cp314-win32.whl", hash = "sha256:47435b3348766e1adc431d273cf569d2236a9e044c429207b11c3e2cf31abb30", size = 143000, upload-time = "2026-03-10T15:27:15.075Z" },
    { url = "https://files.pythonhosted.org/packages/4a/3d/8aceb6dca15725db302e2f69986f5de1d70f95c162c16bfd47194a853f0e/marisa_trie-1.4.0-cp314-cp314-win_amd64.whl", hash = "sha256:26a4ba5f249bfa5a403c82149d4458804ee7f2017dfdc329164199a6f4434d7a", size = 173267, upload-time = "2026-03-10T15:27:16.109Z" },
    { url = "https://files.pythonhosted.org/packages/4f/d2/c4687709ce8425c51dea6d0850702aaa953fac7ea69f16d1d3641873a69e/marisa_trie-1.4.0-cp314-cp314t-macosx_10_15_x86_64.whl", hash = "sha256:eee9ed0a38eb33d2f5e6ba15f71081afe9b167e884f177c6eaf59d3929bbe5e4", size = 214774, upload-time = "2026-03-10T15:27:17.377Z" },
    { url = "https://files.pythonhosted.org/packages/02/ed/e3c936ef2149c727d30c7d8900c354867acfd48b15d7be025392dce8c221/marisa_trie-1.4.0-cp314-cp314t-macosx_11_0_arm64.whl", hash = "sha256:29cff29bf7bd41c8761d9fee0b972c784ae167d4c8bc85564b7cb607efe2b21a", size = 202982, upload-time = "2026-03-10T15:27:19.309Z" },
    { url = "https://files.pythonhosted.org/packages/dc/aa/402820104ec4d7731c3ebc9540f9b6190f60d567d36004a56da79bf43ea2/marisa_trie-1.4.0-cp314-cp314t-manylinux_2_24_aarch64.manylinux_2_28_aarch64.whl", hash = "sha256:e14a33e56880d5da83acdac263442ff1175ae7406fa44fe68b6b8ba328511002", size = 1543394, upload-time = "2026-03-10T15:27:20.714Z" },
    { url = "https://files.pythonhosted.org/packages/f4/a9/ea3fed259f0cde397b72e21b7cc415b4d0651ef0d923ec17081e2050da2c/marisa_trie-1.4.0-cp314-cp314t-manylinux_2_24_x86_64.manylinux_2_28_x86_64.whl", hash = "sha256:0107d847e1a706f50ba2f61c3d22a8d17d3d7581418a8e56217d5a02ce661cf9", size = 1544878, upload-time = "2026-03-10T15:27:21.971Z" },
    { url = "https://files.pythonhosted.org/packages/89/53/5dbb1129faa46f3e42e10fad246d19153397ba38d6931bfce5a3031a2965/marisa_trie-1.4.0-cp314-cp314t-musllinux_1_2_aarch64.whl", hash = "sha256:1ce444c5823dd1c6ac3db0f49acc78bc865e33d845a40688deea1cc7e663bcc7", size = 2447876, upload-time = "2026-03-10T15:27:23.504Z" },
    { url = "https://files.pythonhosted.org/packages/6c/6b/c63f4e5e3f076b211e165bbb32fdf1344168b6c31bf771d4193eae697aab/marisa_trie-1.4.0-cp314-cp314t-musllinux_1_2_x86_64.whl", hash = "sha256:5b0f6af2195fbc11a7fd9798236f41722239adeaa79ea5e27a51a9a27951ac75", size = 2537164, upload-time = "2026-03-10T15:27:25.852Z" },
    { url = "https://files.pythonhosted.org/packages/eb/17/48b8de3fe391a06df8cacbe5933a55e6520bb1c46731f0323af8c624371e/marisa_trie-1.4.0-cp314-cp314t-win32.whl", hash = "sha256:f3b632ed61b9e19e8ede7e35dc8d483a5650b552d17c25e9fdd9c40f7c9acab8", size = 160701, upload-time = "2026-03-10T15:27:27.581Z" },
    { url = "https://files.pythonhosted.org/packages/84/0b/413006730c6e62bdca754cd1128c02f30b748fd877b26829102afa18fe51/marisa_trie-1.4.0-cp314-cp314t-win_amd64.whl", hash = "sha256:184742d267e56549c08d54083f874a5b8756287c4528b17e376058797a459b66", size = 199150, upload-time = "2026-03-10T15:27:28.987Z" },
]

[[package]]
name = "onomasticon"
version = "0.1.0"
source = { editable = "." }
dependencies = [
    { name = "edtf" },
    { name = "langcodes" },
    { name = "language-data" },
    { name = "lxml" },
]

[package.dev-dependencies]
dev = [
    { name = "pytest" },
    { name = "ruff" },
    { name = "ty" },
]

[package.metadata]
requires-dist = [
    { name = "edtf", specifier = ">=5.0.1" },
    { name = "langcodes", specifier = ">=3.5.1" },
    { name = "language-data", specifier = ">=1.4.0" },
    { name = "lxml", specifier = ">=6.1.0" },
]

[package.metadata.requires-dev]
dev = [
    { name = "pytest", specifier = ">=9.0.3" },
    { name = "ruff", specifier = ">=0.15.8" },
    { name = "ty", specifier = ">=0.0.27" },
]

[[package]]
name = "packaging"
version = "26.0"
source = { registry = "https://pypi.org/simple" }
sdist = { url = "https://files.pythonhosted.org/packages/65/ee/299d360cdc32edc7d2cf530f3accf79c4fca01e96ffc950d8a52213bd8e4/packaging-26.0.tar.gz", hash = "sha256:00243ae351a257117b6a241061796684b084ed1c516a08c48a3f7e147a9d80b4", size = 143416, upload-time = "2026-01-21T20:50:39.064Z" }
wheels = [
    { url = "https://files.pythonhosted.org/packages/b7/b9/c538f279a4e237a006a2c98387d081e9eb060d203d8ed34467cc0f0b9b53/packaging-26.0-py3-none-any.whl", hash = "sha256:b36f1fef9334a5588b4166f8bcd26a14e521f2b55e6b9de3aaa80d3ff7a37529", size = 74366, upload-time = "2026-01-21T20:50:37.788Z" },
]

[[package]]
name = "pluggy"
version = "1.6.0"
source = { registry = "https://pypi.org/simple" }
sdist = { url = "https://files.pythonhosted.org/packages/f9/e2/3e91f31a7d2b083fe6ef3fa267035b518369d9511ffab804f839851d2779/pluggy-1.6.0.tar.gz", hash = "sha256:7dcc130b76258d33b90f61b658791dede3486c3e6bfb003ee5c9bfb396dd22f3", size = 69412, upload-time = "2025-05-15T12:30:07.975Z" }
wheels = [
    { url = "https://files.pythonhosted.org/packages/54/20/4d324d65cc6d9205fabedc306948156824eb9f0ee1633355a8f7ec5c66bf/pluggy-1.6.0-py3-none-any.whl", hash = "sha256:e920276dd6813095e9377c0bc5566d94c932c33b27a3e3945d8389c374dd4746", size = 20538, upload-time = "2025-05-15T12:30:06.134Z" },
]

[[package]]
name = "pygments"
version = "2.20.0"
source = { registry = "https://pypi.org/simple" }
sdist = { url = "https://files.pythonhosted.org/packages/c3/b2/bc9c9196916376152d655522fdcebac55e66de6603a76a02bca1b6414f6c/pygments-2.20.0.tar.gz", hash = "sha256:6757cd03768053ff99f3039c1a36d6c0aa0b263438fcab17520b30a303a82b5f", size = 4955991, upload-time = "2026-03-29T13:29:33.898Z" }
wheels = [
    { url = "https://files.pythonhosted.org/packages/f4/7e/a72dd26f3b0f4f2bf1dd8923c85f7ceb43172af56d63c7383eb62b332364/pygments-2.20.0-py3-none-any.whl", hash = "sha256:81a9e26dd42fd28a23a2d169d86d7ac03b46e2f8b59ed4698fb4785f946d0176", size = 1231151, upload-time = "2026-03-29T13:29:30.038Z" },
]

[[package]]
name = "pyparsing"
version = "3.3.2"
source = { registry = "https://pypi.org/simple" }
sdist = { url = "https://files.pythonhosted.org/packages/f3/91/9c6ee907786a473bf81c5f53cf703ba0957b23ab84c264080fb5a450416f/pyparsing-3.3.2.tar.gz", hash = "sha256:c777f4d763f140633dcb6d8a3eda953bf7a214dc4eff598413c070bcdc117cbc", size = 6851574, upload-time = "2026-01-21T03:57:59.36Z" }
wheels = [
    { url = "https://files.pythonhosted.org/packages/10/bd/c038d7cc38edc1aa5bf91ab8068b63d4308c66c4c8bb3cbba7dfbc049f9c/pyparsing-3.3.2-py3-none-any.whl", hash = "sha256:850ba148bd908d7e2411587e247a1e4f0327839c40e2e5e6d05a007ecc69911d", size = 122781, upload-time = "2026-01-21T03:57:55.912Z" },
]

[[package]]
name = "pytest"
version = "9.0.3"
source = { registry = "https://pypi.org/simple" }
dependencies = [
    { name = "colorama", marker = "sys_platform == 'win32'" },
    { name = "iniconfig" },
    { name = "packaging" },
    { name = "pluggy" },
    { name = "pygments" },
]
sdist = { url = "https://files.pythonhosted.org/packages/7d/0d/549bd94f1a0a402dc8cf64563a117c0f3765662e2e668477624baeec44d5/pytest-9.0.3.tar.gz", hash = "sha256:b86ada508af81d19edeb213c681b1d48246c1a91d304c6c81a427674c17eb91c", size = 1572165, upload-time = "2026-04-07T17:16:18.027Z" }
wheels = [
    { url = "https://files.pythonhosted.org/packages/d4/24/a372aaf5c9b7208e7112038812994107bc65a84cd00e0354a88c2c77a617/pytest-9.0.3-py3-none-any.whl", hash = "sha256:2c5efc453d45394fdd706ade797c0a81091eccd1d6e4bccfcd476e2b8e0ab5d9", size = 375249, upload-time = "2026-04-07T17:16:16.13Z" },
]

[[package]]
name = "python-dateutil"
version = "2.9.0.post0"
source = { registry = "https://pypi.org/simple" }
dependencies = [
    { name = "six" },
]
sdist = { url = "https://files.pythonhosted.org/packages/66/c0/0c8b6ad9f17a802ee498c46e004a0eb49bc148f2fd230864601a86dcf6db/python-dateutil-2.9.0.post0.tar.gz", hash = "sha256:37dd54208da7e1cd875388217d5e00ebd4179249f90fb72437e91a35459a0ad3", size = 342432, upload-time = "2024-03-01T18:36:20.211Z" }
wheels = [
    { url = "https://files.pythonhosted.org/packages/ec/57/56b9bcc3c9c6a792fcbaf139543cee77261f3651ca9da0c93f5c1221264b/python_dateutil-2.9.0.post0-py2.py3-none-any.whl", hash = "sha256:a8b2bc7bffae282281c8140a97d3aa9c14da0b136dfe83f850eea9a5f7470427", size = 229892, upload-time = "2024-03-01T18:36:18.57Z" },
]

[[package]]
name = "ruff"
version = "0.15.8"
source = { registry = "https://pypi.org/simple" }
sdist = { url = "https://files.pythonhosted.org/packages/14/b0/73cf7550861e2b4824950b8b52eebdcc5adc792a00c514406556c5b80817/ruff-0.15.8.tar.gz", hash = "sha256:995f11f63597ee362130d1d5a327a87cb6f3f5eae3094c620bcc632329a4d26e", size = 4610921, upload-time = "2026-03-26T18:39:38.675Z" }
wheels = [
    { url = "https://files.pythonhosted.org/packages/4a/92/c445b0cd6da6e7ae51e954939cb69f97e008dbe750cfca89b8cedc081be7/ruff-0.15.8-py3-none-linux_armv6l.whl", hash = "sha256:cbe05adeba76d58162762d6b239c9056f1a15a55bd4b346cfd21e26cd6ad7bc7", size = 10527394, upload-time = "2026-03-26T18:39:41.566Z" },
    { url = "https://files.pythonhosted.org/packages/eb/92/f1c662784d149ad1414cae450b082cf736430c12ca78367f20f5ed569d65/ruff-0.15.8-py3-none-macosx_10_12_x86_64.whl", hash = "sha256:d3e3d0b6ba8dca1b7ef9ab80a28e840a20070c4b62e56d675c24f366ef330570", size = 10905693, upload-time = "2026-03-26T18:39:30.364Z" },
    { url = "https://files.pythonhosted.org/packages/ca/f2/7a631a8af6d88bcef997eb1bf87cc3da158294c57044aafd3e17030613de/ruff-0.15.8-py3-none-macosx_11_0_arm64.whl", hash = "sha256:6ee3ae5c65a42f273f126686353f2e08ff29927b7b7e203b711514370d500de3", size = 10323044, upload-time = "2026-03-26T18:39:33.37Z" },
    { url = "https://files.pythonhosted.org/packages/67/18/1bf38e20914a05e72ef3b9569b1d5c70a7ef26cd188d69e9ca8ef588d5bf/ruff-0.15.8-py3-none-manylinux_2_17_aarch64.manylinux2014_aarch64.whl", hash = "sha256:fdce027ada77baa448077ccc6ebb2fa9c3c62fd110d8659d601cf2f475858d94", size = 10629135, upload-time = "2026-03-26T18:39:44.142Z" },
    { url = "https://files.pythonhosted.org/packages/d2/e9/138c150ff9af60556121623d41aba18b7b57d95ac032e177b6a53789d279/ruff-0.15.8-py3-none-manylinux_2_17_armv7l.manylinux2014_armv7l.whl", hash = "sha256:12e617fc01a95e5821648a6df341d80456bd627bfab8a829f7cfc26a14a4b4a3", size = 10348041, upload-time = "2026-03-26T18:39:52.178Z" },
    { url = "https://files.pythonhosted.org/packages/02/f1/5bfb9298d9c323f842c5ddeb85f1f10ef51516ac7a34ba446c9347d898df/ruff-0.15.8-py3-none-manylinux_2_17_i686.manylinux2014_i686.whl", hash = "sha256:432701303b26416d22ba696c39f2c6f12499b89093b61360abc34bcc9bf07762", size = 11121987, upload-time = "2026-03-26T18:39:55.195Z" },
    { url = "https://files.pythonhosted.org/packages/10/11/6da2e538704e753c04e8d86b1fc55712fdbdcc266af1a1ece7a51fff0d10/ruff-0.15.8-py3-none-manylinux_2_17_ppc64le.manylinux2014_ppc64le.whl", hash = "sha256:d910ae974b7a06a33a057cb87d2a10792a3b2b3b35e33d2699fdf63ec8f6b17a", size = 11951057, upload-time = "2026-03-26T18:39:19.18Z" },
    { url = "https://files.pythonhosted.org/packages/83/f0/c9208c5fd5101bf87002fed774ff25a96eea313d305f1e5d5744698dc314/ruff-0.15.8-py3-none-manylinux_2_17_s390x.manylinux2014_s390x.whl", hash = "sha256:2033f963c43949d51e6fdccd3946633c6b37c484f5f98c3035f49c27395a8ab8", size = 11464613, upload-time = "2026-03-26T18:40:06.301Z" },
    { url = "https://files.pythonhosted.org/packages/f8/22/d7f2fabdba4fae9f3b570e5605d5eb4500dcb7b770d3217dca4428484b17/ruff-0.15.8-py3-none-manylinux_2_17_x86_64.manylinux2014_x86_64.whl", hash = "sha256:0f29b989a55572fb885b77464cf24af05500806ab4edf9a0fd8977f9759d85b1", size = 11257557, upload-time = "2026-03-26T18:39:57.972Z" },
    { url = "https://files.pythonhosted.org/packages/71/8c/382a9620038cf6906446b23ce8632ab8c0811b8f9d3e764f58bedd0c9a6f/ruff-0.15.8-py3-none-manylinux_2_31_riscv64.whl", hash = "sha256:ac51d486bf457cdc985a412fb1801b2dfd1bd8838372fc55de64b1510eff4bec", size = 11169440, upload-time = "2026-03-26T18:39:22.205Z" },
    { url = "https://files.pythonhosted.org/packages/4d/0d/0994c802a7eaaf99380085e4e40c845f8e32a562e20a38ec06174b52ef24/ruff-0.15.8-py3-none-musllinux_1_2_aarch64.whl", hash = "sha256:c9861eb959edab053c10ad62c278835ee69ca527b6dcd72b47d5c1e5648964f6", size = 10605963, upload-time = "2026-03-26T18:39:46.682Z" },
    { url = "https://files.pythonhosted.org/packages/19/aa/d624b86f5b0aad7cef6bbf9cd47a6a02dfdc4f72c92a337d724e39c9d14b/ruff-0.15.8-py3-none-musllinux_1_2_armv7l.whl", hash = "sha256:8d9a5b8ea13f26ae90838afc33f91b547e61b794865374f114f349e9036835fb", size = 10357484, upload-time = "2026-03-26T18:39:49.176Z" },
    { url = "https://files.pythonhosted.org/packages/35/c3/e0b7835d23001f7d999f3895c6b569927c4d39912286897f625736e1fd04/ruff-0.15.8-py3-none-musllinux_1_2_i686.whl", hash = "sha256:c2a33a529fb3cbc23a7124b5c6ff121e4d6228029cba374777bd7649cc8598b8", size = 10830426, upload-time = "2026-03-26T18:40:03.702Z" },
    { url = "https://files.pythonhosted.org/packages/f0/51/ab20b322f637b369383adc341d761eaaa0f0203d6b9a7421cd6e783d81b9/ruff-0.15.8-py3-none-musllinux_1_2_x86_64.whl", hash = "sha256:75e5cd06b1cf3f47a3996cfc999226b19aa92e7cce682dcd62f80d7035f98f49", size = 11345125, upload-time = "2026-03-26T18:39:27.799Z" },
    { url = "https://files.pythonhosted.org/packages/37/e6/90b2b33419f59d0f2c4c8a48a4b74b460709a557e8e0064cf33ad894f983/ruff-0.15.8-py3-none-win32.whl", hash = "sha256:bc1f0a51254ba21767bfa9a8b5013ca8149dcf38092e6a9eb704d876de94dc34", size = 10571959, upload-time = "2026-03-26T18:39:36.117Z" },
    { url = "https://files.pythonhosted.org/packages/1f/a2/ef467cb77099062317154c63f234b8a7baf7cb690b99af760c5b68b9ee7f/ruff-0.15.8-py3-none-win_amd64.whl", hash = "sha256:04f79eff02a72db209d47d665ba7ebcad609d8918a134f86cb13dd132159fc89", size = 11743893, upload-time = "2026-03-26T18:39:25.01Z" },
    { url = "https://files.pythonhosted.org/packages/15/e2/77be4fff062fa78d9b2a4dea85d14785dac5f1d0c1fb58ed52331f0ebe28/ruff-0.15.8-py3-none-win_arm64.whl", hash = "sha256:cf891fa8e3bb430c0e7fac93851a5978fc99c8fa2c053b57b118972866f8e5f2", size = 11048175, upload-time = "2026-03-26T18:40:01.06Z" },
]

[[package]]
name = "six"
version = "1.17.0"
source = { registry = "https://pypi.org/simple" }
sdist = { url = "https://files.pythonhosted.org/packages/94/e7/b2c673351809dca68a0e064b6af791aa332cf192da575fd474ed7d6f16a2/six-1.17.0.tar.gz", hash = "sha256:ff70335d468e7eb6ec65b95b99d3a2836546063f63acc5171de367e834932a81", size = 34031, upload-time = "2024-12-04T17:35:28.174Z" }
wheels = [
    { url = "https://files.pythonhosted.org/packages/b7/ce/149a00dd41f10bc29e5921b496af8b574d8413afcd5e30dfa0ed46c2cc5e/six-1.17.0-py2.py3-none-any.whl", hash = "sha256:4721f391ed90541fddacab5acf947aa0d3dc7d27b2e1e8eda2be8970586c3274", size = 11050, upload-time = "2024-12-04T17:35:26.475Z" },
]

[[package]]
name = "ty"
version = "0.0.27"
source = { registry = "https://pypi.org/simple" }
sdist = { url = "https://files.pythonhosted.org/packages/f4/de/e5cf1f151cf52fe1189e42d03d90909d7d1354fdc0c1847cbb63a0baa3da/ty-0.0.27.tar.gz", hash = "sha256:d7a8de3421d92420b40c94fe7e7d4816037560621903964dd035cf9bd0204a73", size = 5424130, upload-time = "2026-03-31T19:07:20.806Z" }
wheels = [
    { url = "https://files.pythonhosted.org/packages/fa/20/2a9ea661758bd67f2bfd54ce9daacb5a26c56c5f8b49fbd9a43b365a8a7d/ty-0.0.27-py3-none-linux_armv6l.whl", hash = "sha256:eb14456b8611c9e8287aa9b633f4d2a0d9f3082a31796969e0b50bdda8930281", size = 10571211, upload-time = "2026-03-31T19:07:23.28Z" },
    { url = "https://files.pythonhosted.org/packages/da/b2/8887a51f705d075ddbe78ae7f0d4755ef48d0a90235f67aee289e9cee950/ty-0.0.27-py3-none-macosx_10_12_x86_64.whl", hash = "sha256:02e662184703db7586118df611cf24a000d35dae38d950053d1dd7b6736fd2c4", size = 10427576, upload-time = "2026-03-31T19:07:15.499Z" },
    { url = "https://files.pythonhosted.org/packages/1d/c3/79d88163f508fb709ce19bc0b0a66c7c64b53d372d4caa56172c3d9b3ae8/ty-0.0.27-py3-none-macosx_11_0_arm64.whl", hash = "sha256:be5fc2899441f7f8f7ef40f9ffd006075a5ff6b06c44e8d2aa30e1b900c12f51", size = 9870359, upload-time = "2026-03-31T19:07:36.852Z" },
    { url = "https://files.pythonhosted.org/packages/dc/4d/ed1b0db0e1e46b5ed4976bbfe0d1825faf003b4e3774ef28c785ed73e4bb/ty-0.0.27-py3-none-manylinux_2_17_aarch64.manylinux2014_aarch64.whl", hash = "sha256:30231e652b14742a76b64755e54bf0cb1cd4c128bcaf625222e0ca92a2094887", size = 10380488, upload-time = "2026-03-31T19:07:31.268Z" },
    { url = "https://files.pythonhosted.org/packages/b1/f2/20372f6d510b01570028433064880adec2f8abe68bf0c4603be61a560bef/ty-0.0.27-py3-none-manylinux_2_17_armv7l.manylinux2014_armv7l.whl", hash = "sha256:5a119b1168f64261b3205a37e40b5b6c4aac8fd58e4587988f4e4b22c3c79847", size = 10390248, upload-time = "2026-03-31T19:07:28.345Z" },
    { url = "https://files.pythonhosted.org/packages/45/4b/46b31a7311306be1a560f7f20fdc37b5bf718787f60626cd265d9b637554/ty-0.0.27-py3-none-manylinux_2_17_i686.manylinux2014_i686.whl", hash = "sha256:e38f4e187b6975d2cbebf0f1eb1221f8f64f6e509bad14d7bb2a91afc97e4956", size = 10878479, upload-time = "2026-03-31T19:07:39.393Z" },
    { url = "https://files.pythonhosted.org/packages/42/ba/5231a2a1fb1cebe053a25de8fded95e1a30a1e77d3628a9e58487297bafc/ty-0.0.27-py3-none-manylinux_2_17_ppc64le.manylinux2014_ppc64le.whl", hash = "sha256:a07b1a8fbb23844f6d22091275430d9ac617175f34aa99159b268193de210389", size = 11461232, upload-time = "2026-03-31T19:07:02.518Z" },
    { url = "https://files.pythonhosted.org/packages/c3/37/558abab3e1f6670493524f61280b4dfcc3219555f13889223e733381dfab/ty-0.0.27-py3-none-manylinux_2_17_s390x.manylinux2014_s390x.whl", hash = "sha256:d3ec4033031f240836bb0337274bac5c49dde312c7c6d7575451ed719bf8ffa3", size = 11133002, upload-time = "2026-03-31T19:07:18.371Z" },
    { url = "https://files.pythonhosted.org/packages/32/38/188c14a57f52160407ce62c6abb556011718fd0bcbe1dca690529ce84c46/ty-0.0.27-py3-none-manylinux_2_17_x86_64.manylinux2014_x86_64.whl", hash = "sha256:924a8849afd500d260bf5b7296165a05b7424fbb6b19113f30f3b999d682873f", size = 10986624, upload-time = "2026-03-31T19:07:13.066Z" },
    { url = "https://files.pythonhosted.org/packages/9f/f1/667a71393f47d2cd6ba9ed07541b8df3eb63aab1f2ee658e77d91b8362fa/ty-0.0.27-py3-none-musllinux_1_2_aarch64.whl", hash = "sha256:d8270026c07e7423a1b3a3fd065b46ed1478748f0662518b523b57744f3fa025", size = 10366721, upload-time = "2026-03-31T19:07:00.131Z" },
    { url = "https://files.pythonhosted.org/packages/8b/aa/8edafe41be898bda774249abc5be6edd733e53fb1777d59ea9331e38537d/ty-0.0.27-py3-none-musllinux_1_2_armv7l.whl", hash = "sha256:e26e9735d3bdfd95d881111ad1cf570eab8188d8c3be36d6bcaad044d38984d8", size = 10412239, upload-time = "2026-03-31T19:07:05.297Z" },
    { url = "https://files.pythonhosted.org/packages/53/ff/8bafaed4a18d38264f46bdfc427de7ea2974cf9064e4e0bdb1b6e6c724e3/ty-0.0.27-py3-none-musllinux_1_2_i686.whl", hash = "sha256:7c09cc9a699810609acc0090af8d0db68adaee6e60a7c3e05ab80cc954a83db7", size = 10573507, upload-time = "2026-03-31T19:06:57.064Z" },
    { url = "https://files.pythonhosted.org/packages/16/2e/63a8284a2fefd08ab56ecbad0fde7dd4b2d4045a31cf24c1d1fcd9643227/ty-0.0.27-py3-none-musllinux_1_2_x86_64.whl", hash = "sha256:2d3e02853bb037221a456e034b1898aaa573e6374fbb53884e33cb7513ccb85a", size = 11090233, upload-time = "2026-03-31T19:07:34.139Z" },
    { url = "https://files.pythonhosted.org/packages/14/d3/d6fa1cafdfa2b34dbfa304fc6833af8e1669fc34e24d214fa76d2a2e5a25/ty-0.0.27-py3-none-win32.whl", hash = "sha256:34e7377f2047c14dbbb7bf5322e84114db7a5f2cb470db6bee63f8f3550cfc1e", size = 9984415, upload-time = "2026-03-31T19:07:07.98Z" },
    { url = "https://files.pythonhosted.org/packages/85/e6/dd4e27da9632b3472d5711ca49dbd3709dbd3e8c73f3af6db9c254235ca9/ty-0.0.27-py3-none-win_amd64.whl", hash = "sha256:3f7e4145aad8b815ed69b324c93b5b773eb864dda366ca16ab8693ff88ce6f36", size = 10961535, upload-time = "2026-03-31T19:07:10.566Z" },
    { url = "https://files.pythonhosted.org/packages/0e/1a/824b3496d66852ed7d5d68d9787711131552b68dce8835ce9410db32e618/ty-0.0.27-py3-none-win_arm64.whl", hash = "sha256:95bf8d01eb96bb2ba3ffc39faff19da595176448e80871a7b362f4d2de58476c", size = 10376689, upload-time = "2026-03-31T19:07:25.732Z" },
]
